
Microsoft Visual Studio Solution File, Format Version 12.00
# Visual Studio Version 17
VisualStudioVersion = 17.14.36717.8
MinimumVisualStudioVersion = 10.0.40219.1
Project("{8BC9CEB8-8B4A-11D0-8D11-00A0C91BC942}") = "SystemCore", "SystemCore\SystemCore.vcxproj", "{3F268E28-31A0-46F6-A7CB-90DEA03EF91D}"
EndProject
Project("{FAE04EC0-301F-11D3-BF4B-00C04F79EFBC}") = "ProcessManagerUI", "ProcessManagerUI\ProcessManagerUI.csproj", "{5510A4FA-31A9-4FA5-AB54-370E47187B9E}"
EndProject
Global
	GlobalSection(SolutionConfigurationPlatforms) = preSolution
		Debug|Any CPU = Debug|Any CPU
		Debug|x64 = Debug|x64
		Debug|x86 = Debug|x86
		Release|Any CPU = Release|Any CPU
		Release|x64 = Release|x64
		Release|x86 = Release|x86
	EndGlobalSection
	GlobalSection(ProjectConfigurationPlatforms) = postSolution
		{3F268E28-31A0-46F6-A7CB-90DEA03EF91D}.Debug|Any CPU.ActiveCfg = Debug|x64
		{3F268E28-31A0-46F6-A7CB-90DEA03EF91D}.Debug|Any CPU.Build.0 = Debug|x64
		{3F268E28-31A0-46F6-A7CB-90DEA03EF91D}.Debug|x64.ActiveCfg = Debug|x64
		{3F268E28-31A0-46F6-A7CB-90DEA03EF91D}.Debug|x64.Build.0 = Debug|x64
		{3F268E28-31A0-46F6-A7CB-90DEA03EF91D}.Debug|x86.ActiveCfg = Debug|Win32
		{3F268E28-31A0-46F6-A7CB-90DEA03EF91D}.Debug|x86.Build.0 = Debug|Win32
		{3F268E28-31A0-46F6-A7CB-90DEA03EF91D}.Release|Any CPU.ActiveCfg = Release|x64
		{3F268E28-31A0-46F6-A7CB-90DEA03EF91D}.Release|Any CPU.Build.0 = Release|x64
		{3F268E28-31A0-46F6-A7CB-90DEA03EF91D}.Release|x64.ActiveCfg = Release|x64
		{3F268E28-31A0-46F6-A7CB-90DEA03EF91D}.Release|x64.Build.0 = Release|x64
		{3F268E28-31A0-46F6-A7CB-90DEA03EF91D}.Release|x86.ActiveCfg = Release|Win32
		{3F268E28-31A0-46F6-A7CB-90DEA03EF91D}.Release|x86.Build.0 = Release|Win32
		{5510A4FA-31A9-4FA5-AB54-370E47187B9E}.Debug|Any CPU.ActiveCfg = Debug|Any CPU
		{5510A4FA-31A9-4FA5-AB54-370E47187B9E}.Debug|Any CPU.Build.0 = Debug|Any CPU
		{5510A4FA-31A9-4FA5-AB54-370E47187B9E}.Debug|x64.ActiveCfg = Debug|Any CPU
		{5510A4FA-31A9-4FA5-AB54-370E47187B9E}.Debug|x64.Build.0 = Debug|Any CPU
		{5510A4FA-31A9-4FA5-AB54-370E47187B9E}.Debug|x86.ActiveCfg = Debug|Any CPU
		{5510A4FA-31A9-4FA5-AB54-370E47187B9E}.Debug|x86.Build.0 = Debug|Any CPU
		{5510A4FA-31A9-4FA5-AB54-370E47187B9E}.Release|Any CPU.ActiveCfg = Release|Any CPU
		{5510A4FA-31A9-4FA5-AB54-370E47187B9E}.Release|Any CPU.Build.0 = Release|Any CPU
		{5510A4FA-31A9-4FA5-AB54-370E47187B9E}.Release|x64.ActiveCfg = Release|Any CPU
		{5510A4FA-31A9-4FA5-AB54-370E47187B9E}.Release|x64.Build.0 = Release|Any CPU
		{5510A4FA-31A9-4FA5-AB54-370E47187B9E}.Release|x86.ActiveCfg = Release|Any CPU
		{5510A4FA-31A9-4FA5-AB54-370E47187B9E}.Release|x86.Build.0 = Release|Any CPU
	EndGlobalSection
	GlobalSection(SolutionProperties) = preSolution
		HideSolutionNode = FALSE
	EndGlobalSection
	GlobalSection(ExtensibilityGlobals) = postSolution
		SolutionGuid = {542AE029-5116-4CEF-BA1F-78F566EAD471}
	EndGlobalSection
EndGlobal
